
Microsoft Visual Studio Solution File, Format Version 12.00
Project("{FAE04EC0-301F-11D3-BF4B-00C04F79EFBC}") = "MagicaVoxelOptimizer", "MagicaVoxelOptimizer\MagicaVoxelOptimizer.csproj", "{C08C4A8F-E13F-4197-96FD-C82DBC993743}"
EndProject
Global
	GlobalSection(SolutionConfigurationPlatforms) = preSolution
		Debug|Any CPU = Debug|Any CPU
		Release|Any CPU = Release|Any CPU
	EndGlobalSection
	GlobalSection(ProjectConfigurationPlatforms) = postSolution
		{C08C4A8F-E13F-4197-96FD-C82DBC993743}.Debug|Any CPU.ActiveCfg = Debug|Any CPU
		{C08C4A8F-E13F-4197-96FD-C82DBC993743}.Debug|Any CPU.Build.0 = Debug|Any CPU
		{C08C4A8F-E13F-4197-96FD-C82DBC993743}.Release|Any CPU.ActiveCfg = Release|Any CPU
		{C08C4A8F-E13F-4197-96FD-C82DBC993743}.Release|Any CPU.Build.0 = Release|Any CPU
	EndGlobalSection
EndGlobal
